
Microsoft Visual Studio Solution File, Format Version 12.00
# Visual Studio 15
VisualStudioVersion = 15.0.26730.16
MinimumVisualStudioVersion = 10.0.40219.1
Project("{2150E333-8FDC-42A3-9474-1A3956D46DE8}") = "Framework", "Framework", "{06888B0F-7D07-42DA-A194-2286A54FBEBE}"
EndProject
Project("{9A19103F-16F7-4668-BE54-9A1E7A4F7556}") = "Framework.Data", "..\Source\Framework\Data\Framework.Data.csproj", "{F8B5FB2E-ABCB-48C7-9AC2-1DDCD3D2B2DF}"
EndProject
Project("{9A19103F-16F7-4668-BE54-9A1E7A4F7556}") = "Framework.Web", "..\Source\Framework\Web\Framework.Web.csproj", "{EBE4DE2E-B3EB-4672-9EC0-578784F5936C}"
EndProject
Project("{2150E333-8FDC-42A3-9474-1A3956D46DE8}") = "LogR", "LogR", "{29C57489-B5A9-4A7E-AC03-31F07A6554A0}"
EndProject
Project("{9A19103F-16F7-4668-BE54-9A1E7A4F7556}") = "LogR.Repository", "..\Source\LogR\Repository\LogR.Repository.csproj", "{79A041FA-EB5C-4543-B5F9-979F6C195D18}"
EndProject
Project("{9A19103F-16F7-4668-BE54-9A1E7A4F7556}") = "LogR.Service", "..\Source\LogR\Service\LogR.Service.csproj", "{4F2406D3-70EA-42EB-A837-D0F006AC3195}"
EndProject
Project("{9A19103F-16F7-4668-BE54-9A1E7A4F7556}") = "LogR.DI", "..\Source\LogR\DI\LogR.DI.csproj", "{206CC116-2296-42AF-8208-5FC8ECB0034A}"
EndProject
Project("{9A19103F-16F7-4668-BE54-9A1E7A4F7556}") = "Framework.Infrastructure", "..\Source\Framework\Infrastructure\Framework.Infrastructure.csproj", "{986EA1D5-12DE-46D8-97B2-E59A64383EBD}"
EndProject
Project("{9A19103F-16F7-4668-BE54-9A1E7A4F7556}") = "LogR.Common", "..\Source\LogR\Common\LogR.Common.csproj", "{93E87FD5-0D53-4138-B1BC-E670F4FA9F4F}"
EndProject
Project("{9A19103F-16F7-4668-BE54-9A1E7A4F7556}") = "LogR.Web", "..\Source\LogR\App\Web\LogR.Web.csproj", "{57D78642-C1B1-4C81-8C3F-645D249BD309}"
EndProject
Project("{9A19103F-16F7-4668-BE54-9A1E7A4F7556}") = "PocoGenerator", "..\Source\Framework\Utilities\PocoGenerator\PocoGenerator.csproj", "{E7D2422B-0BDB-4A05-BA53-9DCBE8C281BD}"
EndProject
Project("{2150E333-8FDC-42A3-9474-1A3956D46DE8}") = "Utilities", "Utilities", "{DE67D327-7338-40BE-8F0E-1E7B3C50E344}"
EndProject
Project("{2150E333-8FDC-42A3-9474-1A3956D46DE8}") = "Tests", "Tests", "{E679AA87-1D2F-4CC3-9373-367B5826F880}"
EndProject
Project("{2150E333-8FDC-42A3-9474-1A3956D46DE8}") = "(Solution Items)", "(Solution Items)", "{8E9A8350-4386-4BFC-80E0-F7246947CE67}"
	ProjectSection(SolutionItems) = preProject
		..\Configuration\loggerServerConfig.json = ..\Configuration\loggerServerConfig.json
		..\Source\LogR\LogR.ruleset = ..\Source\LogR\LogR.ruleset
	EndProjectSection
EndProject
Project("{2150E333-8FDC-42A3-9474-1A3956D46DE8}") = "Utils", "Utils", "{8D28F38A-3631-49ED-82CB-75D33D4C8B62}"
EndProject
Project("{9A19103F-16F7-4668-BE54-9A1E7A4F7556}") = "LogR.Task", "..\Source\LogR\Utils\Task\LogR.Task.csproj", "{FDB6941D-3B07-4877-8C40-8B677E47C32D}"
EndProject
Project("{2150E333-8FDC-42A3-9474-1A3956D46DE8}") = "CI", "CI", "{796FCA5A-0AD7-4017-A857-C4DAFCF17AE5}"
	ProjectSection(SolutionItems) = preProject
		..\CI\build.cake = ..\CI\build.cake
		..\CI\build.ps1 = ..\CI\build.ps1
		..\CI\build.sh = ..\CI\build.sh
		..\ci.bat = ..\ci.bat
	EndProjectSection
EndProject
Project("{9A19103F-16F7-4668-BE54-9A1E7A4F7556}") = "LogR.Common.Tests", "..\Source\LogR\Tests\Common\LogR.Common.Tests.csproj", "{92C0E682-AD28-4BA2-941D-B8755D2F2240}"
EndProject
Project("{9A19103F-16F7-4668-BE54-9A1E7A4F7556}") = "LogR.Repository.Tests", "..\Source\LogR\Tests\Repository\LogR.Repository.Tests.csproj", "{707CBEC2-3073-4606-AA4A-03B06D759B33}"
EndProject
Project("{9A19103F-16F7-4668-BE54-9A1E7A4F7556}") = "LogR.Service.Tests", "..\Source\LogR\Tests\Service\LogR.Service.Tests.csproj", "{75E19588-4746-4C55-AB14-E6C34DAF68A8}"
EndProject
Project("{2150E333-8FDC-42A3-9474-1A3956D46DE8}") = "Tests", "Tests", "{F70E803E-35DA-4EB4-9D39-B3604B63C94F}"
EndProject
Project("{9A19103F-16F7-4668-BE54-9A1E7A4F7556}") = "Framework.Data.Tests", "..\Source\Framework\Tests\Data\Framework.Data.Tests.csproj", "{2F9742C7-FAAE-4431-B019-2F9BB8FE4C57}"
EndProject
Project("{9A19103F-16F7-4668-BE54-9A1E7A4F7556}") = "Framework.Infrastructure.Tests", "..\Source\Framework\Tests\Infrastructure\Framework.Infrastructure.Tests.csproj", "{91839976-D123-4F22-A201-0F6EDB6114A8}"
EndProject
Project("{9A19103F-16F7-4668-BE54-9A1E7A4F7556}") = "Framework.Web.Tests", "..\Source\Framework\Tests\Web\Framework.Web.Tests.csproj", "{259455E8-8601-4945-9F68-117CC389951C}"
EndProject
Project("{9A19103F-16F7-4668-BE54-9A1E7A4F7556}") = "LogR.Web.Tests", "..\Source\LogR\Tests\Web\LogR.Web.Tests.csproj", "{944AAC54-22BD-4515-A491-BA2A48B5B60C}"
EndProject
Global
	GlobalSection(SolutionConfigurationPlatforms) = preSolution
		Debug|Any CPU = Debug|Any CPU
		Release|Any CPU = Release|Any CPU
	EndGlobalSection
	GlobalSection(ProjectConfigurationPlatforms) = postSolution
		{F8B5FB2E-ABCB-48C7-9AC2-1DDCD3D2B2DF}.Debug|Any CPU.ActiveCfg = Debug|Any CPU
		{F8B5FB2E-ABCB-48C7-9AC2-1DDCD3D2B2DF}.Debug|Any CPU.Build.0 = Debug|Any CPU
		{F8B5FB2E-ABCB-48C7-9AC2-1DDCD3D2B2DF}.Release|Any CPU.ActiveCfg = Release|Any CPU
		{F8B5FB2E-ABCB-48C7-9AC2-1DDCD3D2B2DF}.Release|Any CPU.Build.0 = Release|Any CPU
		{EBE4DE2E-B3EB-4672-9EC0-578784F5936C}.Debug|Any CPU.ActiveCfg = Debug|Any CPU
		{EBE4DE2E-B3EB-4672-9EC0-578784F5936C}.Debug|Any CPU.Build.0 = Debug|Any CPU
		{EBE4DE2E-B3EB-4672-9EC0-578784F5936C}.Release|Any CPU.ActiveCfg = Release|Any CPU
		{EBE4DE2E-B3EB-4672-9EC0-578784F5936C}.Release|Any CPU.Build.0 = Release|Any CPU
		{79A041FA-EB5C-4543-B5F9-979F6C195D18}.Debug|Any CPU.ActiveCfg = Debug|Any CPU
		{79A041FA-EB5C-4543-B5F9-979F6C195D18}.Debug|Any CPU.Build.0 = Debug|Any CPU
		{79A041FA-EB5C-4543-B5F9-979F6C195D18}.Release|Any CPU.ActiveCfg = Release|Any CPU
		{79A041FA-EB5C-4543-B5F9-979F6C195D18}.Release|Any CPU.Build.0 = Release|Any CPU
		{4F2406D3-70EA-42EB-A837-D0F006AC3195}.Debug|Any CPU.ActiveCfg = Debug|Any CPU
		{4F2406D3-70EA-42EB-A837-D0F006AC3195}.Debug|Any CPU.Build.0 = Debug|Any CPU
		{4F2406D3-70EA-42EB-A837-D0F006AC3195}.Release|Any CPU.ActiveCfg = Release|Any CPU
		{4F2406D3-70EA-42EB-A837-D0F006AC3195}.Release|Any CPU.Build.0 = Release|Any CPU
		{206CC116-2296-42AF-8208-5FC8ECB0034A}.Debug|Any CPU.ActiveCfg = Debug|Any CPU
		{206CC116-2296-42AF-8208-5FC8ECB0034A}.Debug|Any CPU.Build.0 = Debug|Any CPU
		{206CC116-2296-42AF-8208-5FC8ECB0034A}.Release|Any CPU.ActiveCfg = Release|Any CPU
		{206CC116-2296-42AF-8208-5FC8ECB0034A}.Release|Any CPU.Build.0 = Release|Any CPU
		{986EA1D5-12DE-46D8-97B2-E59A64383EBD}.Debug|Any CPU.ActiveCfg = Debug|Any CPU
		{986EA1D5-12DE-46D8-97B2-E59A64383EBD}.Debug|Any CPU.Build.0 = Debug|Any CPU
		{986EA1D5-12DE-46D8-97B2-E59A64383EBD}.Release|Any CPU.ActiveCfg = Release|Any CPU
		{986EA1D5-12DE-46D8-97B2-E59A64383EBD}.Release|Any CPU.Build.0 = Release|Any CPU
		{93E87FD5-0D53-4138-B1BC-E670F4FA9F4F}.Debug|Any CPU.ActiveCfg = Debug|Any CPU
		{93E87FD5-0D53-4138-B1BC-E670F4FA9F4F}.Debug|Any CPU.Build.0 = Debug|Any CPU
		{93E87FD5-0D53-4138-B1BC-E670F4FA9F4F}.Release|Any CPU.ActiveCfg = Release|Any CPU
		{93E87FD5-0D53-4138-B1BC-E670F4FA9F4F}.Release|Any CPU.Build.0 = Release|Any CPU
		{57D78642-C1B1-4C81-8C3F-645D249BD309}.Debug|Any CPU.ActiveCfg = Debug|Any CPU
		{57D78642-C1B1-4C81-8C3F-645D249BD309}.Debug|Any CPU.Build.0 = Debug|Any CPU
		{57D78642-C1B1-4C81-8C3F-645D249BD309}.Release|Any CPU.ActiveCfg = Release|Any CPU
		{57D78642-C1B1-4C81-8C3F-645D249BD309}.Release|Any CPU.Build.0 = Release|Any CPU
		{E7D2422B-0BDB-4A05-BA53-9DCBE8C281BD}.Debug|Any CPU.ActiveCfg = Debug|Any CPU
		{E7D2422B-0BDB-4A05-BA53-9DCBE8C281BD}.Debug|Any CPU.Build.0 = Debug|Any CPU
		{E7D2422B-0BDB-4A05-BA53-9DCBE8C281BD}.Release|Any CPU.ActiveCfg = Release|Any CPU
		{E7D2422B-0BDB-4A05-BA53-9DCBE8C281BD}.Release|Any CPU.Build.0 = Release|Any CPU
		{FDB6941D-3B07-4877-8C40-8B677E47C32D}.Debug|Any CPU.ActiveCfg = Debug|Any CPU
		{FDB6941D-3B07-4877-8C40-8B677E47C32D}.Debug|Any CPU.Build.0 = Debug|Any CPU
		{FDB6941D-3B07-4877-8C40-8B677E47C32D}.Release|Any CPU.ActiveCfg = Release|Any CPU
		{FDB6941D-3B07-4877-8C40-8B677E47C32D}.Release|Any CPU.Build.0 = Release|Any CPU
		{92C0E682-AD28-4BA2-941D-B8755D2F2240}.Debug|Any CPU.ActiveCfg = Debug|Any CPU
		{92C0E682-AD28-4BA2-941D-B8755D2F2240}.Debug|Any CPU.Build.0 = Debug|Any CPU
		{92C0E682-AD28-4BA2-941D-B8755D2F2240}.Release|Any CPU.ActiveCfg = Release|Any CPU
		{92C0E682-AD28-4BA2-941D-B8755D2F2240}.Release|Any CPU.Build.0 = Release|Any CPU
		{707CBEC2-3073-4606-AA4A-03B06D759B33}.Debug|Any CPU.ActiveCfg = Debug|Any CPU
		{707CBEC2-3073-4606-AA4A-03B06D759B33}.Debug|Any CPU.Build.0 = Debug|Any CPU
		{707CBEC2-3073-4606-AA4A-03B06D759B33}.Release|Any CPU.ActiveCfg = Release|Any CPU
		{707CBEC2-3073-4606-AA4A-03B06D759B33}.Release|Any CPU.Build.0 = Release|Any CPU
		{75E19588-4746-4C55-AB14-E6C34DAF68A8}.Debug|Any CPU.ActiveCfg = Debug|Any CPU
		{75E19588-4746-4C55-AB14-E6C34DAF68A8}.Debug|Any CPU.Build.0 = Debug|Any CPU
		{75E19588-4746-4C55-AB14-E6C34DAF68A8}.Release|Any CPU.ActiveCfg = Release|Any CPU
		{75E19588-4746-4C55-AB14-E6C34DAF68A8}.Release|Any CPU.Build.0 = Release|Any CPU
		{2F9742C7-FAAE-4431-B019-2F9BB8FE4C57}.Debug|Any CPU.ActiveCfg = Debug|Any CPU
		{2F9742C7-FAAE-4431-B019-2F9BB8FE4C57}.Debug|Any CPU.Build.0 = Debug|Any CPU
		{2F9742C7-FAAE-4431-B019-2F9BB8FE4C57}.Release|Any CPU.ActiveCfg = Release|Any CPU
		{2F9742C7-FAAE-4431-B019-2F9BB8FE4C57}.Release|Any CPU.Build.0 = Release|Any CPU
		{91839976-D123-4F22-A201-0F6EDB6114A8}.Debug|Any CPU.ActiveCfg = Debug|Any CPU
		{91839976-D123-4F22-A201-0F6EDB6114A8}.Debug|Any CPU.Build.0 = Debug|Any CPU
		{91839976-D123-4F22-A201-0F6EDB6114A8}.Release|Any CPU.ActiveCfg = Release|Any CPU
		{91839976-D123-4F22-A201-0F6EDB6114A8}.Release|Any CPU.Build.0 = Release|Any CPU
		{259455E8-8601-4945-9F68-117CC389951C}.Debug|Any CPU.ActiveCfg = Debug|Any CPU
		{259455E8-8601-4945-9F68-117CC389951C}.Debug|Any CPU.Build.0 = Debug|Any CPU
		{259455E8-8601-4945-9F68-117CC389951C}.Release|Any CPU.ActiveCfg = Release|Any CPU
		{259455E8-8601-4945-9F68-117CC389951C}.Release|Any CPU.Build.0 = Release|Any CPU
		{944AAC54-22BD-4515-A491-BA2A48B5B60C}.Debug|Any CPU.ActiveCfg = Debug|Any CPU
		{944AAC54-22BD-4515-A491-BA2A48B5B60C}.Debug|Any CPU.Build.0 = Debug|Any CPU
		{944AAC54-22BD-4515-A491-BA2A48B5B60C}.Release|Any CPU.ActiveCfg = Release|Any CPU
		{944AAC54-22BD-4515-A491-BA2A48B5B60C}.Release|Any CPU.Build.0 = Release|Any CPU
	EndGlobalSection
	GlobalSection(SolutionProperties) = preSolution
		HideSolutionNode = FALSE
	EndGlobalSection
	GlobalSection(NestedProjects) = preSolution
		{F8B5FB2E-ABCB-48C7-9AC2-1DDCD3D2B2DF} = {06888B0F-7D07-42DA-A194-2286A54FBEBE}
		{EBE4DE2E-B3EB-4672-9EC0-578784F5936C} = {06888B0F-7D07-42DA-A194-2286A54FBEBE}
		{79A041FA-EB5C-4543-B5F9-979F6C195D18} = {29C57489-B5A9-4A7E-AC03-31F07A6554A0}
		{4F2406D3-70EA-42EB-A837-D0F006AC3195} = {29C57489-B5A9-4A7E-AC03-31F07A6554A0}
		{206CC116-2296-42AF-8208-5FC8ECB0034A} = {29C57489-B5A9-4A7E-AC03-31F07A6554A0}
		{986EA1D5-12DE-46D8-97B2-E59A64383EBD} = {06888B0F-7D07-42DA-A194-2286A54FBEBE}
		{93E87FD5-0D53-4138-B1BC-E670F4FA9F4F} = {29C57489-B5A9-4A7E-AC03-31F07A6554A0}
		{57D78642-C1B1-4C81-8C3F-645D249BD309} = {29C57489-B5A9-4A7E-AC03-31F07A6554A0}
		{E7D2422B-0BDB-4A05-BA53-9DCBE8C281BD} = {DE67D327-7338-40BE-8F0E-1E7B3C50E344}
		{DE67D327-7338-40BE-8F0E-1E7B3C50E344} = {06888B0F-7D07-42DA-A194-2286A54FBEBE}
		{E679AA87-1D2F-4CC3-9373-367B5826F880} = {29C57489-B5A9-4A7E-AC03-31F07A6554A0}
		{8D28F38A-3631-49ED-82CB-75D33D4C8B62} = {29C57489-B5A9-4A7E-AC03-31F07A6554A0}
		{FDB6941D-3B07-4877-8C40-8B677E47C32D} = {8D28F38A-3631-49ED-82CB-75D33D4C8B62}
		{796FCA5A-0AD7-4017-A857-C4DAFCF17AE5} = {8E9A8350-4386-4BFC-80E0-F7246947CE67}
		{92C0E682-AD28-4BA2-941D-B8755D2F2240} = {E679AA87-1D2F-4CC3-9373-367B5826F880}
		{707CBEC2-3073-4606-AA4A-03B06D759B33} = {E679AA87-1D2F-4CC3-9373-367B5826F880}
		{75E19588-4746-4C55-AB14-E6C34DAF68A8} = {E679AA87-1D2F-4CC3-9373-367B5826F880}
		{F70E803E-35DA-4EB4-9D39-B3604B63C94F} = {06888B0F-7D07-42DA-A194-2286A54FBEBE}
		{2F9742C7-FAAE-4431-B019-2F9BB8FE4C57} = {F70E803E-35DA-4EB4-9D39-B3604B63C94F}
		{91839976-D123-4F22-A201-0F6EDB6114A8} = {F70E803E-35DA-4EB4-9D39-B3604B63C94F}
		{259455E8-8601-4945-9F68-117CC389951C} = {F70E803E-35DA-4EB4-9D39-B3604B63C94F}
		{944AAC54-22BD-4515-A491-BA2A48B5B60C} = {E679AA87-1D2F-4CC3-9373-367B5826F880}
	EndGlobalSection
	GlobalSection(ExtensibilityGlobals) = postSolution
		SolutionGuid = {7F8D4035-BF0A-4844-A268-AF0B2BB7A735}
	EndGlobalSection
EndGlobal
