
Microsoft Visual Studio Solution File, Format Version 12.00
# Visual Studio 15
VisualStudioVersion = 15.0.26403.3
MinimumVisualStudioVersion = 10.0.40219.1
Project("{9A19103F-16F7-4668-BE54-9A1E7A4F7556}") = "LogR", "..\Source\LogR\LogR.csproj", "{A27FCABD-E0E9-47C1-829B-5CC68A6ECE3F}"
EndProject
Project("{FAE04EC0-301F-11D3-BF4B-00C04F79EFBC}") = "LogR.Tests", "..\Source\Tests\LogR.Tests\LogR.Tests.csproj", "{E8C4301A-88BC-4076-A2D7-6B87BAC47AB3}"
EndProject
Global
	GlobalSection(SolutionConfigurationPlatforms) = preSolution
		Debug|Any CPU = Debug|Any CPU
		Release|Any CPU = Release|Any CPU
	EndGlobalSection
	GlobalSection(ProjectConfigurationPlatforms) = postSolution
		{A27FCABD-E0E9-47C1-829B-5CC68A6ECE3F}.Debug|Any CPU.ActiveCfg = Debug|Any CPU
		{A27FCABD-E0E9-47C1-829B-5CC68A6ECE3F}.Debug|Any CPU.Build.0 = Debug|Any CPU
		{A27FCABD-E0E9-47C1-829B-5CC68A6ECE3F}.Release|Any CPU.ActiveCfg = Release|Any CPU
		{A27FCABD-E0E9-47C1-829B-5CC68A6ECE3F}.Release|Any CPU.Build.0 = Release|Any CPU
		{E8C4301A-88BC-4076-A2D7-6B87BAC47AB3}.Debug|Any CPU.ActiveCfg = Debug|Any CPU
		{E8C4301A-88BC-4076-A2D7-6B87BAC47AB3}.Debug|Any CPU.Build.0 = Debug|Any CPU
		{E8C4301A-88BC-4076-A2D7-6B87BAC47AB3}.Release|Any CPU.ActiveCfg = Release|Any CPU
		{E8C4301A-88BC-4076-A2D7-6B87BAC47AB3}.Release|Any CPU.Build.0 = Release|Any CPU
	EndGlobalSection
	GlobalSection(SolutionProperties) = preSolution
		HideSolutionNode = FALSE
	EndGlobalSection
EndGlobal
